
Microsoft Visual Studio Solution File, Format Version 12.00
# Visual Studio Version 16
VisualStudioVersion = 16.0.29215.179
MinimumVisualStudioVersion = 10.0.40219.1
Project("{FAE04EC0-301F-11D3-BF4B-00C04F79EFBC}") = "37.Uzdevums", "37.Uzdevums\37.Uzdevums.csproj", "{61EAD1E1-E040-4351-936A-54D6BD6CE961}"
EndProject
Global
	GlobalSection(SolutionConfigurationPlatforms) = preSolution
		Debug|Any CPU = Debug|Any CPU
		Release|Any CPU = Release|Any CPU
	EndGlobalSection
	GlobalSection(ProjectConfigurationPlatforms) = postSolution
		{61EAD1E1-E040-4351-936A-54D6BD6CE961}.Debug|Any CPU.ActiveCfg = Debug|Any CPU
		{61EAD1E1-E040-4351-936A-54D6BD6CE961}.Debug|Any CPU.Build.0 = Debug|Any CPU
		{61EAD1E1-E040-4351-936A-54D6BD6CE961}.Release|Any CPU.ActiveCfg = Release|Any CPU
		{61EAD1E1-E040-4351-936A-54D6BD6CE961}.Release|Any CPU.Build.0 = Release|Any CPU
	EndGlobalSection
	GlobalSection(SolutionProperties) = preSolution
		HideSolutionNode = FALSE
	EndGlobalSection
	GlobalSection(ExtensibilityGlobals) = postSolution
		SolutionGuid = {41494E54-C999-4EE6-B62B-B26A02614BBD}
	EndGlobalSection
EndGlobal
